// !$*UTF8*$!
{
	archiveVersion = 1;
	classes = {
	};
	objectVersion = 56;
	objects = {

/* Begin PBXBuildFile section */
		9702654B2A10243C004E0F3D /* Realm in Frameworks */ = {isa = PBXBuildFile; productRef = 9702654A2A10243C004E0F3D /* Realm */; };
		9702654D2A10243C004E0F3D /* RealmSwift in Frameworks */ = {isa = PBXBuildFile; productRef = 9702654C2A10243C004E0F3D /* RealmSwift */; };
		970265502A102965004E0F3D /* SocketIO in Frameworks */ = {isa = PBXBuildFile; productRef = 9702654F2A102965004E0F3D /* SocketIO */; };
		970265532A102D08004E0F3D /* MessageKit in Frameworks */ = {isa = PBXBuildFile; productRef = 970265522A102D08004E0F3D /* MessageKit */; };
		970265562A102DEC004E0F3D /* SDWebImageSwiftUI in Frameworks */ = {isa = PBXBuildFile; productRef = 970265552A102DEC004E0F3D /* SDWebImageSwiftUI */; };
		972C1B0A2A10C2FF00D67F32 /* APIManager.swift in Sources */ = {isa = PBXBuildFile; fileRef = 972C1B092A10C2FF00D67F32 /* APIManager.swift */; };
		9767AFA52A10133F00CACB65 /* CupidAIApp.swift in Sources */ = {isa = PBXBuildFile; fileRef = 9767AFA42A10133F00CACB65 /* CupidAIApp.swift */; };
		9767AFA72A10133F00CACB65 /* ContentView.swift in Sources */ = {isa = PBXBuildFile; fileRef = 9767AFA62A10133F00CACB65 /* ContentView.swift */; };
		9767AFA92A10134000CACB65 /* Assets.xcassets in Resources */ = {isa = PBXBuildFile; fileRef = 9767AFA82A10134000CACB65 /* Assets.xcassets */; };
		9767AFAC2A10134000CACB65 /* Preview Assets.xcassets in Resources */ = {isa = PBXBuildFile; fileRef = 9767AFAB2A10134000CACB65 /* Preview Assets.xcassets */; };
		9786428D2A10D34700235E68 /* Locale + ext.swift in Sources */ = {isa = PBXBuildFile; fileRef = 9786428C2A10D34700235E68 /* Locale + ext.swift */; };
		9786428F2A10D3F000235E68 /* Endpoint.swift in Sources */ = {isa = PBXBuildFile; fileRef = 9786428E2A10D3F000235E68 /* Endpoint.swift */; };
		978642912A10D41B00235E68 /* UploadData.swift in Sources */ = {isa = PBXBuildFile; fileRef = 978642902A10D41B00235E68 /* UploadData.swift */; };
		978642932A10D4AA00235E68 /* RequestError.swift in Sources */ = {isa = PBXBuildFile; fileRef = 978642922A10D4AA00235E68 /* RequestError.swift */; };
		978642962A10DA9900235E68 /* NetworkMonitor.swift in Sources */ = {isa = PBXBuildFile; fileRef = 978642952A10DA9900235E68 /* NetworkMonitor.swift */; };
		97C52AD62A107C2300958F68 /* RequestType.swift in Sources */ = {isa = PBXBuildFile; fileRef = 97C52AD52A107C2300958F68 /* RequestType.swift */; };
		97E8F3F82A11170600728A68 /* AuthEndpoint.swift in Sources */ = {isa = PBXBuildFile; fileRef = 97E8F3F72A11170600728A68 /* AuthEndpoint.swift */; };
		97E8F3FB2A113A6500728A68 /* Color + ext.swift in Sources */ = {isa = PBXBuildFile; fileRef = 97E8F3FA2A113A6500728A68 /* Color + ext.swift */; };
		97E8F3FD2A113AAB00728A68 /* View + ext.swift in Sources */ = {isa = PBXBuildFile; fileRef = 97E8F3FC2A113AAB00728A68 /* View + ext.swift */; };
		97E8F4012A113BB500728A68 /* SwipeView.swift in Sources */ = {isa = PBXBuildFile; fileRef = 97E8F4002A113BB500728A68 /* SwipeView.swift */; };
		97E8F4032A113BF900728A68 /* SwipeCardView.swift in Sources */ = {isa = PBXBuildFile; fileRef = 97E8F4022A113BF900728A68 /* SwipeCardView.swift */; };
		97E8F4072A113C5700728A68 /* SwipeViewModel.swift in Sources */ = {isa = PBXBuildFile; fileRef = 97E8F4062A113C5700728A68 /* SwipeViewModel.swift */; };
		97E8F40C2A113D1F00728A68 /* User.swift in Sources */ = {isa = PBXBuildFile; fileRef = 97E8F40B2A113D1F00728A68 /* User.swift */; };
		97E8F40F2A113D9A00728A68 /* BlurView.swift in Sources */ = {isa = PBXBuildFile; fileRef = 97E8F40E2A113D9A00728A68 /* BlurView.swift */; };
		97E8F4112A113E1A00728A68 /* MainTabView.swift in Sources */ = {isa = PBXBuildFile; fileRef = 97E8F4102A113E1A00728A68 /* MainTabView.swift */; };
		97E8F4152A11437000728A68 /* Store.swift in Sources */ = {isa = PBXBuildFile; fileRef = 97E8F4142A11437000728A68 /* Store.swift */; };
		97FEFE262A109DC000F41840 /* Data+ext.swift in Sources */ = {isa = PBXBuildFile; fileRef = 97FEFE252A109DC000F41840 /* Data+ext.swift */; };
		97FEFE282A109ED200F41840 /* URL + ext.swift in Sources */ = {isa = PBXBuildFile; fileRef = 97FEFE272A109ED200F41840 /* URL + ext.swift */; };
/* End PBXBuildFile section */

/* Begin PBXFileReference section */
		972C1B092A10C2FF00D67F32 /* APIManager.swift */ = {isa = PBXFileReference; lastKnownFileType = sourcecode.swift; path = APIManager.swift; sourceTree = "<group>"; };
		9767AFA12A10133F00CACB65 /* FearlessDateAI.app */ = {isa = PBXFileReference; explicitFileType = wrapper.application; includeInIndex = 0; path = FearlessDateAI.app; sourceTree = BUILT_PRODUCTS_DIR; };
		9767AFA42A10133F00CACB65 /* CupidAIApp.swift */ = {isa = PBXFileReference; lastKnownFileType = sourcecode.swift; path = CupidAIApp.swift; sourceTree = "<group>"; };
		9767AFA62A10133F00CACB65 /* ContentView.swift */ = {isa = PBXFileReference; lastKnownFileType = sourcecode.swift; path = ContentView.swift; sourceTree = "<group>"; };
		9767AFA82A10134000CACB65 /* Assets.xcassets */ = {isa = PBXFileReference; lastKnownFileType = folder.assetcatalog; path = Assets.xcassets; sourceTree = "<group>"; };
		9767AFAB2A10134000CACB65 /* Preview Assets.xcassets */ = {isa = PBXFileReference; lastKnownFileType = folder.assetcatalog; path = "Preview Assets.xcassets"; sourceTree = "<group>"; };
		9786428C2A10D34700235E68 /* Locale + ext.swift */ = {isa = PBXFileReference; lastKnownFileType = sourcecode.swift; path = "Locale + ext.swift"; sourceTree = "<group>"; };
		9786428E2A10D3F000235E68 /* Endpoint.swift */ = {isa = PBXFileReference; lastKnownFileType = sourcecode.swift; path = Endpoint.swift; sourceTree = "<group>"; };
		978642902A10D41B00235E68 /* UploadData.swift */ = {isa = PBXFileReference; lastKnownFileType = sourcecode.swift; path = UploadData.swift; sourceTree = "<group>"; };
		978642922A10D4AA00235E68 /* RequestError.swift */ = {isa = PBXFileReference; lastKnownFileType = sourcecode.swift; path = RequestError.swift; sourceTree = "<group>"; };
		978642952A10DA9900235E68 /* NetworkMonitor.swift */ = {isa = PBXFileReference; lastKnownFileType = sourcecode.swift; path = NetworkMonitor.swift; sourceTree = "<group>"; };
		97C52AD52A107C2300958F68 /* RequestType.swift */ = {isa = PBXFileReference; lastKnownFileType = sourcecode.swift; path = RequestType.swift; sourceTree = "<group>"; };
		97E8F3F72A11170600728A68 /* AuthEndpoint.swift */ = {isa = PBXFileReference; lastKnownFileType = sourcecode.swift; path = AuthEndpoint.swift; sourceTree = "<group>"; };
		97E8F3FA2A113A6500728A68 /* Color + ext.swift */ = {isa = PBXFileReference; lastKnownFileType = sourcecode.swift; path = "Color + ext.swift"; sourceTree = "<group>"; };
		97E8F3FC2A113AAB00728A68 /* View + ext.swift */ = {isa = PBXFileReference; lastKnownFileType = sourcecode.swift; path = "View + ext.swift"; sourceTree = "<group>"; };
		97E8F4002A113BB500728A68 /* SwipeView.swift */ = {isa = PBXFileReference; lastKnownFileType = sourcecode.swift; path = SwipeView.swift; sourceTree = "<group>"; };
		97E8F4022A113BF900728A68 /* SwipeCardView.swift */ = {isa = PBXFileReference; lastKnownFileType = sourcecode.swift; path = SwipeCardView.swift; sourceTree = "<group>"; };
		97E8F4062A113C5700728A68 /* SwipeViewModel.swift */ = {isa = PBXFileReference; lastKnownFileType = sourcecode.swift; path = SwipeViewModel.swift; sourceTree = "<group>"; };
		97E8F40B2A113D1F00728A68 /* User.swift */ = {isa = PBXFileReference; lastKnownFileType = sourcecode.swift; path = User.swift; sourceTree = "<group>"; };
		97E8F40E2A113D9A00728A68 /* BlurView.swift */ = {isa = PBXFileReference; lastKnownFileType = sourcecode.swift; path = BlurView.swift; sourceTree = "<group>"; };
		97E8F4102A113E1A00728A68 /* MainTabView.swift */ = {isa = PBXFileReference; lastKnownFileType = sourcecode.swift; path = MainTabView.swift; sourceTree = "<group>"; };
		97E8F4142A11437000728A68 /* Store.swift */ = {isa = PBXFileReference; lastKnownFileType = sourcecode.swift; path = Store.swift; sourceTree = "<group>"; };
		97FEFE252A109DC000F41840 /* Data+ext.swift */ = {isa = PBXFileReference; lastKnownFileType = sourcecode.swift; path = "Data+ext.swift"; sourceTree = "<group>"; };
		97FEFE272A109ED200F41840 /* URL + ext.swift */ = {isa = PBXFileReference; lastKnownFileType = sourcecode.swift; path = "URL + ext.swift"; sourceTree = "<group>"; };
/* End PBXFileReference section */

/* Begin PBXFrameworksBuildPhase section */
		9767AF9E2A10133F00CACB65 /* Frameworks */ = {
			isa = PBXFrameworksBuildPhase;
			buildActionMask = 2147483647;
			files = (
				970265562A102DEC004E0F3D /* SDWebImageSwiftUI in Frameworks */,
				9702654D2A10243C004E0F3D /* RealmSwift in Frameworks */,
				9702654B2A10243C004E0F3D /* Realm in Frameworks */,
				970265502A102965004E0F3D /* SocketIO in Frameworks */,
				970265532A102D08004E0F3D /* MessageKit in Frameworks */,
			);
			runOnlyForDeploymentPostprocessing = 0;
		};
/* End PBXFrameworksBuildPhase section */

/* Begin PBXGroup section */
		155776F02A1145A000618810 /* TabView */ = {
			isa = PBXGroup;
			children = (
				97E8F4102A113E1A00728A68 /* MainTabView.swift */,
				97E8F4142A11437000728A68 /* Store.swift */,
			);
			path = TabView;
			sourceTree = "<group>";
		};
		9767AF982A10133F00CACB65 = {
			isa = PBXGroup;
			children = (
				9767AFA32A10133F00CACB65 /* FearlessDateAI */,
				9767AFA22A10133F00CACB65 /* Products */,
			);
			sourceTree = "<group>";
		};
		9767AFA22A10133F00CACB65 /* Products */ = {
			isa = PBXGroup;
			children = (
				9767AFA12A10133F00CACB65 /* FearlessDateAI.app */,
			);
			name = Products;
			sourceTree = "<group>";
		};
		9767AFA32A10133F00CACB65 /* FearlessDateAI */ = {
			isa = PBXGroup;
			children = (
				97E8F3FE2A113B6500728A68 /* Modules */,
				97E8F40A2A113D1000728A68 /* Models */,
				97C52AD22A107A9800958F68 /* Services */,
				97FEFE232A109D8B00F41840 /* Common */,
				9767AFA42A10133F00CACB65 /* CupidAIApp.swift */,
				9767AFA62A10133F00CACB65 /* ContentView.swift */,
				9767AFA82A10134000CACB65 /* Assets.xcassets */,
				9767AFAA2A10134000CACB65 /* Preview Content */,
			);
			path = FearlessDateAI;
			sourceTree = "<group>";
		};
		9767AFAA2A10134000CACB65 /* Preview Content */ = {
			isa = PBXGroup;
			children = (
				9767AFAB2A10134000CACB65 /* Preview Assets.xcassets */,
			);
			path = "Preview Content";
			sourceTree = "<group>";
		};
		97C52AD22A107A9800958F68 /* Services */ = {
			isa = PBXGroup;
			children = (
				97C52AD32A107AAC00958F68 /* Network */,
			);
			path = Services;
			sourceTree = "<group>";
		};
		97C52AD32A107AAC00958F68 /* Network */ = {
			isa = PBXGroup;
			children = (
				97E8F3F62A1116C800728A68 /* AuthService */,
				97E8F3F92A111DA900728A68 /* UsersService */,
				97C52AD42A107AB600958F68 /* NetworkService */,
			);
			path = Network;
			sourceTree = "<group>";
		};
		97C52AD42A107AB600958F68 /* NetworkService */ = {
			isa = PBXGroup;
			children = (
				97C52AD52A107C2300958F68 /* RequestType.swift */,
				972C1B092A10C2FF00D67F32 /* APIManager.swift */,
				9786428E2A10D3F000235E68 /* Endpoint.swift */,
				978642902A10D41B00235E68 /* UploadData.swift */,
				978642922A10D4AA00235E68 /* RequestError.swift */,
				978642952A10DA9900235E68 /* NetworkMonitor.swift */,
			);
			path = NetworkService;
			sourceTree = "<group>";
		};
		97E8F3F62A1116C800728A68 /* AuthService */ = {
			isa = PBXGroup;
			children = (
				97E8F3F72A11170600728A68 /* AuthEndpoint.swift */,
			);
			path = AuthService;
			sourceTree = "<group>";
		};
		97E8F3F92A111DA900728A68 /* UsersService */ = {
			isa = PBXGroup;
			children = (
			);
			path = UsersService;
			sourceTree = "<group>";
		};
		97E8F3FE2A113B6500728A68 /* Modules */ = {
			isa = PBXGroup;
			children = (
				155776F02A1145A000618810 /* TabView */,
				97E8F3FF2A113B7A00728A68 /* SwipeView */,
			);
			path = Modules;
			sourceTree = "<group>";
		};
		97E8F3FF2A113B7A00728A68 /* SwipeView */ = {
			isa = PBXGroup;
			children = (
				97E8F4052A113C2500728A68 /* ViewModel */,
				97E8F4042A113C1800728A68 /* Views */,
			);
			path = SwipeView;
			sourceTree = "<group>";
		};
		97E8F4042A113C1800728A68 /* Views */ = {
			isa = PBXGroup;
			children = (
				97E8F4002A113BB500728A68 /* SwipeView.swift */,
				97E8F4022A113BF900728A68 /* SwipeCardView.swift */,
			);
			path = Views;
			sourceTree = "<group>";
		};
		97E8F4052A113C2500728A68 /* ViewModel */ = {
			isa = PBXGroup;
			children = (
				97E8F4062A113C5700728A68 /* SwipeViewModel.swift */,
			);
			path = ViewModel;
			sourceTree = "<group>";
		};
		97E8F40A2A113D1000728A68 /* Models */ = {
			isa = PBXGroup;
			children = (
				97E8F40B2A113D1F00728A68 /* User.swift */,
			);
			path = Models;
			sourceTree = "<group>";
		};
		97E8F40D2A113D8800728A68 /* Interface */ = {
			isa = PBXGroup;
			children = (
				97E8F40E2A113D9A00728A68 /* BlurView.swift */,
			);
			path = Interface;
			sourceTree = "<group>";
		};
		97FEFE232A109D8B00F41840 /* Common */ = {
			isa = PBXGroup;
			children = (
				97E8F40D2A113D8800728A68 /* Interface */,
				97FEFE242A109DA200F41840 /* Extensions */,
			);
			path = Common;
			sourceTree = "<group>";
		};
		97FEFE242A109DA200F41840 /* Extensions */ = {
			isa = PBXGroup;
			children = (
				97FEFE252A109DC000F41840 /* Data+ext.swift */,
				97FEFE272A109ED200F41840 /* URL + ext.swift */,
				9786428C2A10D34700235E68 /* Locale + ext.swift */,
				97E8F3FA2A113A6500728A68 /* Color + ext.swift */,
				97E8F3FC2A113AAB00728A68 /* View + ext.swift */,
			);
			path = Extensions;
			sourceTree = "<group>";
		};
/* End PBXGroup section */

/* Begin PBXNativeTarget section */
		9767AFA02A10133F00CACB65 /* FearlessDateAI */ = {
			isa = PBXNativeTarget;
			buildConfigurationList = 9767AFAF2A10134000CACB65 /* Build configuration list for PBXNativeTarget "FearlessDateAI" */;
			buildPhases = (
				9767AF9D2A10133F00CACB65 /* Sources */,
				9767AF9E2A10133F00CACB65 /* Frameworks */,
				9767AF9F2A10133F00CACB65 /* Resources */,
			);
			buildRules = (
			);
			dependencies = (
			);
			name = FearlessDateAI;
			packageProductDependencies = (
				9702654A2A10243C004E0F3D /* Realm */,
				9702654C2A10243C004E0F3D /* RealmSwift */,
				9702654F2A102965004E0F3D /* SocketIO */,
				970265522A102D08004E0F3D /* MessageKit */,
				970265552A102DEC004E0F3D /* SDWebImageSwiftUI */,
			);
			productName = CupidAI;
			productReference = 9767AFA12A10133F00CACB65 /* FearlessDateAI.app */;
			productType = "com.apple.product-type.application";
		};
/* End PBXNativeTarget section */

/* Begin PBXProject section */
		9767AF992A10133F00CACB65 /* Project object */ = {
			isa = PBXProject;
			attributes = {
				BuildIndependentTargetsInParallel = 1;
				LastSwiftUpdateCheck = 1400;
				LastUpgradeCheck = 1400;
				TargetAttributes = {
					9767AFA02A10133F00CACB65 = {
						CreatedOnToolsVersion = 14.0;
					};
				};
			};
			buildConfigurationList = 9767AF9C2A10133F00CACB65 /* Build configuration list for PBXProject "FearlessDateAI" */;
			compatibilityVersion = "Xcode 14.0";
			developmentRegion = en;
			hasScannedForEncodings = 0;
			knownRegions = (
				en,
				Base,
			);
			mainGroup = 9767AF982A10133F00CACB65;
			packageReferences = (
				970265492A10243C004E0F3D /* XCRemoteSwiftPackageReference "realm-swift" */,
				9702654E2A102965004E0F3D /* XCRemoteSwiftPackageReference "socket" */,
				970265512A102D08004E0F3D /* XCRemoteSwiftPackageReference "MessageKit" */,
				970265542A102DEC004E0F3D /* XCRemoteSwiftPackageReference "SDWebImageSwiftUI" */,
			);
			productRefGroup = 9767AFA22A10133F00CACB65 /* Products */;
			projectDirPath = "";
			projectRoot = "";
			targets = (
				9767AFA02A10133F00CACB65 /* FearlessDateAI */,
			);
		};
/* End PBXProject section */

/* Begin PBXResourcesBuildPhase section */
		9767AF9F2A10133F00CACB65 /* Resources */ = {
			isa = PBXResourcesBuildPhase;
			buildActionMask = 2147483647;
			files = (
				9767AFAC2A10134000CACB65 /* Preview Assets.xcassets in Resources */,
				9767AFA92A10134000CACB65 /* Assets.xcassets in Resources */,
			);
			runOnlyForDeploymentPostprocessing = 0;
		};
/* End PBXResourcesBuildPhase section */

/* Begin PBXSourcesBuildPhase section */
		9767AF9D2A10133F00CACB65 /* Sources */ = {
			isa = PBXSourcesBuildPhase;
			buildActionMask = 2147483647;
			files = (
				97E8F4152A11437000728A68 /* Store.swift in Sources */,
				978642962A10DA9900235E68 /* NetworkMonitor.swift in Sources */,
				97FEFE262A109DC000F41840 /* Data+ext.swift in Sources */,
				9786428F2A10D3F000235E68 /* Endpoint.swift in Sources */,
				97E8F4012A113BB500728A68 /* SwipeView.swift in Sources */,
				9786428D2A10D34700235E68 /* Locale + ext.swift in Sources */,
				97FEFE282A109ED200F41840 /* URL + ext.swift in Sources */,
				978642912A10D41B00235E68 /* UploadData.swift in Sources */,
				9767AFA72A10133F00CACB65 /* ContentView.swift in Sources */,
				97E8F4072A113C5700728A68 /* SwipeViewModel.swift in Sources */,
				978642932A10D4AA00235E68 /* RequestError.swift in Sources */,
				97E8F3F82A11170600728A68 /* AuthEndpoint.swift in Sources */,
				9767AFA52A10133F00CACB65 /* CupidAIApp.swift in Sources */,
				97E8F4032A113BF900728A68 /* SwipeCardView.swift in Sources */,
				97E8F3FD2A113AAB00728A68 /* View + ext.swift in Sources */,
				97E8F40C2A113D1F00728A68 /* User.swift in Sources */,
				97E8F3FB2A113A6500728A68 /* Color + ext.swift in Sources */,
				97C52AD62A107C2300958F68 /* RequestType.swift in Sources */,
				97E8F40F2A113D9A00728A68 /* BlurView.swift in Sources */,
				972C1B0A2A10C2FF00D67F32 /* APIManager.swift in Sources */,
				97E8F4112A113E1A00728A68 /* MainTabView.swift in Sources */,
			);
			runOnlyForDeploymentPostprocessing = 0;
		};
/* End PBXSourcesBuildPhase section */

/* Begin XCBuildConfiguration section */
		9767AFAD2A10134000CACB65 /* Debug */ = {
			isa = XCBuildConfiguration;
			buildSettings = {
				ALWAYS_SEARCH_USER_PATHS = NO;
				CLANG_ANALYZER_NONNULL = YES;
				CLANG_ANALYZER_NUMBER_OBJECT_CONVERSION = YES_AGGRESSIVE;
				CLANG_CXX_LANGUAGE_STANDARD = "gnu++20";
				CLANG_ENABLE_MODULES = YES;
				CLANG_ENABLE_OBJC_ARC = YES;
				CLANG_ENABLE_OBJC_WEAK = YES;
				CLANG_WARN_BLOCK_CAPTURE_AUTORELEASING = YES;
				CLANG_WARN_BOOL_CONVERSION = YES;
				CLANG_WARN_COMMA = YES;
				CLANG_WARN_CONSTANT_CONVERSION = YES;
				CLANG_WARN_DEPRECATED_OBJC_IMPLEMENTATIONS = YES;
				CLANG_WARN_DIRECT_OBJC_ISA_USAGE = YES_ERROR;
				CLANG_WARN_DOCUMENTATION_COMMENTS = YES;
				CLANG_WARN_EMPTY_BODY = YES;
				CLANG_WARN_ENUM_CONVERSION = YES;
				CLANG_WARN_INFINITE_RECURSION = YES;
				CLANG_WARN_INT_CONVERSION = YES;
				CLANG_WARN_NON_LITERAL_NULL_CONVERSION = YES;
				CLANG_WARN_OBJC_IMPLICIT_RETAIN_SELF = YES;
				CLANG_WARN_OBJC_LITERAL_CONVERSION = YES;
				CLANG_WARN_OBJC_ROOT_CLASS = YES_ERROR;
				CLANG_WARN_QUOTED_INCLUDE_IN_FRAMEWORK_HEADER = YES;
				CLANG_WARN_RANGE_LOOP_ANALYSIS = YES;
				CLANG_WARN_STRICT_PROTOTYPES = YES;
				CLANG_WARN_SUSPICIOUS_MOVE = YES;
				CLANG_WARN_UNGUARDED_AVAILABILITY = YES_AGGRESSIVE;
				CLANG_WARN_UNREACHABLE_CODE = YES;
				CLANG_WARN__DUPLICATE_METHOD_MATCH = YES;
				COPY_PHASE_STRIP = NO;
				DEBUG_INFORMATION_FORMAT = dwarf;
				ENABLE_STRICT_OBJC_MSGSEND = YES;
				ENABLE_TESTABILITY = YES;
				GCC_C_LANGUAGE_STANDARD = gnu11;
				GCC_DYNAMIC_NO_PIC = NO;
				GCC_NO_COMMON_BLOCKS = YES;
				GCC_OPTIMIZATION_LEVEL = 0;
				GCC_PREPROCESSOR_DEFINITIONS = (
					"DEBUG=1",
					"$(inherited)",
				);
				GCC_WARN_64_TO_32_BIT_CONVERSION = YES;
				GCC_WARN_ABOUT_RETURN_TYPE = YES_ERROR;
				GCC_WARN_UNDECLARED_SELECTOR = YES;
				GCC_WARN_UNINITIALIZED_AUTOS = YES_AGGRESSIVE;
				GCC_WARN_UNUSED_FUNCTION = YES;
				GCC_WARN_UNUSED_VARIABLE = YES;
				IPHONEOS_DEPLOYMENT_TARGET = 16.0;
				MTL_ENABLE_DEBUG_INFO = INCLUDE_SOURCE;
				MTL_FAST_MATH = YES;
				ONLY_ACTIVE_ARCH = YES;
				SDKROOT = iphoneos;
				SWIFT_ACTIVE_COMPILATION_CONDITIONS = DEBUG;
				SWIFT_OPTIMIZATION_LEVEL = "-Onone";
			};
			name = Debug;
		};
		9767AFAE2A10134000CACB65 /* Release */ = {
			isa = XCBuildConfiguration;
			buildSettings = {
				ALWAYS_SEARCH_USER_PATHS = NO;
				CLANG_ANALYZER_NONNULL = YES;
				CLANG_ANALYZER_NUMBER_OBJECT_CONVERSION = YES_AGGRESSIVE;
				CLANG_CXX_LANGUAGE_STANDARD = "gnu++20";
				CLANG_ENABLE_MODULES = YES;
				CLANG_ENABLE_OBJC_ARC = YES;
				CLANG_ENABLE_OBJC_WEAK = YES;
				CLANG_WARN_BLOCK_CAPTURE_AUTORELEASING = YES;
				CLANG_WARN_BOOL_CONVERSION = YES;
				CLANG_WARN_COMMA = YES;
				CLANG_WARN_CONSTANT_CONVERSION = YES;
				CLANG_WARN_DEPRECATED_OBJC_IMPLEMENTATIONS = YES;
				CLANG_WARN_DIRECT_OBJC_ISA_USAGE = YES_ERROR;
				CLANG_WARN_DOCUMENTATION_COMMENTS = YES;
				CLANG_WARN_EMPTY_BODY = YES;
				CLANG_WARN_ENUM_CONVERSION = YES;
				CLANG_WARN_INFINITE_RECURSION = YES;
				CLANG_WARN_INT_CONVERSION = YES;
				CLANG_WARN_NON_LITERAL_NULL_CONVERSION = YES;
				CLANG_WARN_OBJC_IMPLICIT_RETAIN_SELF = YES;
				CLANG_WARN_OBJC_LITERAL_CONVERSION = YES;
				CLANG_WARN_OBJC_ROOT_CLASS = YES_ERROR;
				CLANG_WARN_QUOTED_INCLUDE_IN_FRAMEWORK_HEADER = YES;
				CLANG_WARN_RANGE_LOOP_ANALYSIS = YES;
				CLANG_WARN_STRICT_PROTOTYPES = YES;
				CLANG_WARN_SUSPICIOUS_MOVE = YES;
				CLANG_WARN_UNGUARDED_AVAILABILITY = YES_AGGRESSIVE;
				CLANG_WARN_UNREACHABLE_CODE = YES;
				CLANG_WARN__DUPLICATE_METHOD_MATCH = YES;
				COPY_PHASE_STRIP = NO;
				DEBUG_INFORMATION_FORMAT = "dwarf-with-dsym";
				ENABLE_NS_ASSERTIONS = NO;
				ENABLE_STRICT_OBJC_MSGSEND = YES;
				GCC_C_LANGUAGE_STANDARD = gnu11;
				GCC_NO_COMMON_BLOCKS = YES;
				GCC_WARN_64_TO_32_BIT_CONVERSION = YES;
				GCC_WARN_ABOUT_RETURN_TYPE = YES_ERROR;
				GCC_WARN_UNDECLARED_SELECTOR = YES;
				GCC_WARN_UNINITIALIZED_AUTOS = YES_AGGRESSIVE;
				GCC_WARN_UNUSED_FUNCTION = YES;
				GCC_WARN_UNUSED_VARIABLE = YES;
				IPHONEOS_DEPLOYMENT_TARGET = 16.0;
				MTL_ENABLE_DEBUG_INFO = NO;
				MTL_FAST_MATH = YES;
				SDKROOT = iphoneos;
				SWIFT_COMPILATION_MODE = wholemodule;
				SWIFT_OPTIMIZATION_LEVEL = "-O";
				VALIDATE_PRODUCT = YES;
			};
			name = Release;
		};
		9767AFB02A10134000CACB65 /* Debug */ = {
			isa = XCBuildConfiguration;
			buildSettings = {
				ASSETCATALOG_COMPILER_APPICON_NAME = AppIcon;
				ASSETCATALOG_COMPILER_GLOBAL_ACCENT_COLOR_NAME = AccentColor;
				CODE_SIGN_STYLE = Automatic;
				CURRENT_PROJECT_VERSION = 1;
				DEVELOPMENT_TEAM = P9WCSS3KFX;
				ENABLE_PREVIEWS = YES;
				GENERATE_INFOPLIST_FILE = YES;
				INFOPLIST_KEY_UIApplicationSceneManifest_Generation = YES;
				INFOPLIST_KEY_UIApplicationSupportsIndirectInputEvents = YES;
				INFOPLIST_KEY_UILaunchScreen_Generation = YES;
				INFOPLIST_KEY_UISupportedInterfaceOrientations_iPad = "UIInterfaceOrientationPortrait UIInterfaceOrientationPortraitUpsideDown UIInterfaceOrientationLandscapeLeft UIInterfaceOrientationLandscapeRight";
				INFOPLIST_KEY_UISupportedInterfaceOrientations_iPhone = "UIInterfaceOrientationPortrait UIInterfaceOrientationLandscapeLeft UIInterfaceOrientationLandscapeRight";
				LD_RUNPATH_SEARCH_PATHS = (
					"$(inherited)",
					"@executable_path/Frameworks",
				);
				MARKETING_VERSION = 1.0;
				PRODUCT_BUNDLE_IDENTIFIER = com.applebitx.CupidAI;
				PRODUCT_NAME = "$(TARGET_NAME)";
				SWIFT_EMIT_LOC_STRINGS = YES;
				SWIFT_VERSION = 5.0;
				TARGETED_DEVICE_FAMILY = "1,2";
			};
			name = Debug;
		};
		9767AFB12A10134000CACB65 /* Release */ = {
			isa = XCBuildConfiguration;
			buildSettings = {
				ASSETCATALOG_COMPILER_APPICON_NAME = AppIcon;
				ASSETCATALOG_COMPILER_GLOBAL_ACCENT_COLOR_NAME = AccentColor;
				CODE_SIGN_STYLE = Automatic;
				CURRENT_PROJECT_VERSION = 1;
				DEVELOPMENT_TEAM = P9WCSS3KFX;
				ENABLE_PREVIEWS = YES;
				GENERATE_INFOPLIST_FILE = YES;
				INFOPLIST_KEY_UIApplicationSceneManifest_Generation = YES;
				INFOPLIST_KEY_UIApplicationSupportsIndirectInputEvents = YES;
				INFOPLIST_KEY_UILaunchScreen_Generation = YES;
				INFOPLIST_KEY_UISupportedInterfaceOrientations_iPad = "UIInterfaceOrientationPortrait UIInterfaceOrientationPortraitUpsideDown UIInterfaceOrientationLandscapeLeft UIInterfaceOrientationLandscapeRight";
				INFOPLIST_KEY_UISupportedInterfaceOrientations_iPhone = "UIInterfaceOrientationPortrait UIInterfaceOrientationLandscapeLeft UIInterfaceOrientationLandscapeRight";
				LD_RUNPATH_SEARCH_PATHS = (
					"$(inherited)",
					"@executable_path/Frameworks",
				);
				MARKETING_VERSION = 1.0;
				PRODUCT_BUNDLE_IDENTIFIER = com.applebitx.CupidAI;
				PRODUCT_NAME = "$(TARGET_NAME)";
				SWIFT_EMIT_LOC_STRINGS = YES;
				SWIFT_VERSION = 5.0;
				TARGETED_DEVICE_FAMILY = "1,2";
			};
			name = Release;
		};
/* End XCBuildConfiguration section */

/* Begin XCConfigurationList section */
		9767AF9C2A10133F00CACB65 /* Build configuration list for PBXProject "FearlessDateAI" */ = {
			isa = XCConfigurationList;
			buildConfigurations = (
				9767AFAD2A10134000CACB65 /* Debug */,
				9767AFAE2A10134000CACB65 /* Release */,
			);
			defaultConfigurationIsVisible = 0;
			defaultConfigurationName = Release;
		};
		9767AFAF2A10134000CACB65 /* Build configuration list for PBXNativeTarget "FearlessDateAI" */ = {
			isa = XCConfigurationList;
			buildConfigurations = (
				9767AFB02A10134000CACB65 /* Debug */,
				9767AFB12A10134000CACB65 /* Release */,
			);
			defaultConfigurationIsVisible = 0;
			defaultConfigurationName = Release;
		};
/* End XCConfigurationList section */

/* Begin XCRemoteSwiftPackageReference section */
		970265492A10243C004E0F3D /* XCRemoteSwiftPackageReference "realm-swift" */ = {
			isa = XCRemoteSwiftPackageReference;
			repositoryURL = "https://github.com/realm/realm-swift.git";
			requirement = {
				branch = master;
				kind = branch;
			};
		};
		9702654E2A102965004E0F3D /* XCRemoteSwiftPackageReference "socket" */ = {
			isa = XCRemoteSwiftPackageReference;
			repositoryURL = "https://github.com/socketio/socket.io-client-swift";
			requirement = {
				branch = master;
				kind = branch;
			};
		};
		970265512A102D08004E0F3D /* XCRemoteSwiftPackageReference "MessageKit" */ = {
			isa = XCRemoteSwiftPackageReference;
			repositoryURL = "https://github.com/MessageKit/MessageKit";
			requirement = {
				kind = upToNextMajorVersion;
				minimumVersion = 4.0.0;
			};
		};
		970265542A102DEC004E0F3D /* XCRemoteSwiftPackageReference "SDWebImageSwiftUI" */ = {
			isa = XCRemoteSwiftPackageReference;
			repositoryURL = "https://github.com/SDWebImage/SDWebImageSwiftUI";
			requirement = {
				kind = upToNextMajorVersion;
				minimumVersion = 2.0.0;
			};
		};
/* End XCRemoteSwiftPackageReference section */

/* Begin XCSwiftPackageProductDependency section */
		9702654A2A10243C004E0F3D /* Realm */ = {
			isa = XCSwiftPackageProductDependency;
			package = 970265492A10243C004E0F3D /* XCRemoteSwiftPackageReference "realm-swift" */;
			productName = Realm;
		};
		9702654C2A10243C004E0F3D /* RealmSwift */ = {
			isa = XCSwiftPackageProductDependency;
			package = 970265492A10243C004E0F3D /* XCRemoteSwiftPackageReference "realm-swift" */;
			productName = RealmSwift;
		};
		9702654F2A102965004E0F3D /* SocketIO */ = {
			isa = XCSwiftPackageProductDependency;
			package = 9702654E2A102965004E0F3D /* XCRemoteSwiftPackageReference "socket" */;
			productName = SocketIO;
		};
		970265522A102D08004E0F3D /* MessageKit */ = {
			isa = XCSwiftPackageProductDependency;
			package = 970265512A102D08004E0F3D /* XCRemoteSwiftPackageReference "MessageKit" */;
			productName = MessageKit;
		};
		970265552A102DEC004E0F3D /* SDWebImageSwiftUI */ = {
			isa = XCSwiftPackageProductDependency;
			package = 970265542A102DEC004E0F3D /* XCRemoteSwiftPackageReference "SDWebImageSwiftUI" */;
			productName = SDWebImageSwiftUI;
		};
/* End XCSwiftPackageProductDependency section */
	};
	rootObject = 9767AF992A10133F00CACB65 /* Project object */;
}
